// !$*UTF8*$!
{
	archiveVersion = 1;
	classes = {
	};
	objectVersion = 48;
	objects = {

/* Begin PBXBuildFile section */
		D7713F6C1FFCA7C10071EFC9 /* AppDelegate.swift in Sources */ = {isa = PBXBuildFile; fileRef = D7713F6B1FFCA7C10071EFC9 /* AppDelegate.swift */; };
		D7713F6E1FFCA7C10071EFC9 /* ViewController.swift in Sources */ = {isa = PBXBuildFile; fileRef = D7713F6D1FFCA7C10071EFC9 /* ViewController.swift */; };
		D7713F711FFCA7C10071EFC9 /* Main.storyboard in Resources */ = {isa = PBXBuildFile; fileRef = D7713F6F1FFCA7C10071EFC9 /* Main.storyboard */; };
		D7713F731FFCA7C10071EFC9 /* Assets.xcassets in Resources */ = {isa = PBXBuildFile; fileRef = D7713F721FFCA7C10071EFC9 /* Assets.xcassets */; };
		D7713F761FFCA7C10071EFC9 /* LaunchScreen.storyboard in Resources */ = {isa = PBXBuildFile; fileRef = D7713F741FFCA7C10071EFC9 /* LaunchScreen.storyboard */; };
		D7713F811FFCA7C20071EFC9 /* HelloARKitTests.swift in Sources */ = {isa = PBXBuildFile; fileRef = D7713F801FFCA7C20071EFC9 /* HelloARKitTests.swift */; };
		D7713F8C1FFCA7C20071EFC9 /* HelloARKitUITests.swift in Sources */ = {isa = PBXBuildFile; fileRef = D7713F8B1FFCA7C20071EFC9 /* HelloARKitUITests.swift */; };
/* End PBXBuildFile section */

/* Begin PBXContainerItemProxy section */
		D7713F7D1FFCA7C20071EFC9 /* PBXContainerItemProxy */ = {
			isa = PBXContainerItemProxy;
			containerPortal = D7713F601FFCA7C10071EFC9 /* Project object */;
			proxyType = 1;
			remoteGlobalIDString = D7713F671FFCA7C10071EFC9;
			remoteInfo = HelloARKit;
		};
		D7713F881FFCA7C20071EFC9 /* PBXContainerItemProxy */ = {
			isa = PBXContainerItemProxy;
			containerPortal = D7713F601FFCA7C10071EFC9 /* Project object */;
			proxyType = 1;
			remoteGlobalIDString = D7713F671FFCA7C10071EFC9;
			remoteInfo = HelloARKit;
		};
/* End PBXContainerItemProxy section */

/* Begin PBXFileReference section */
		D7713F681FFCA7C10071EFC9 /* HelloARKit.app */ = {isa = PBXFileReference; explicitFileType = wrapper.application; includeInIndex = 0; path = HelloARKit.app; sourceTree = BUILT_PRODUCTS_DIR; };
		D7713F6B1FFCA7C10071EFC9 /* AppDelegate.swift */ = {isa = PBXFileReference; lastKnownFileType = sourcecode.swift; path = AppDelegate.swift; sourceTree = "<group>"; };
		D7713F6D1FFCA7C10071EFC9 /* ViewController.swift */ = {isa = PBXFileReference; lastKnownFileType = sourcecode.swift; path = ViewController.swift; sourceTree = "<group>"; };
		D7713F701FFCA7C10071EFC9 /* Base */ = {isa = PBXFileReference; lastKnownFileType = file.storyboard; name = Base; path = Base.lproj/Main.storyboard; sourceTree = "<group>"; };
		D7713F721FFCA7C10071EFC9 /* Assets.xcassets */ = {isa = PBXFileReference; lastKnownFileType = folder.assetcatalog; path = Assets.xcassets; sourceTree = "<group>"; };
		D7713F751FFCA7C10071EFC9 /* Base */ = {isa = PBXFileReference; lastKnownFileType = file.storyboard; name = Base; path = Base.lproj/LaunchScreen.storyboard; sourceTree = "<group>"; };
		D7713F771FFCA7C10071EFC9 /* Info.plist */ = {isa = PBXFileReference; lastKnownFileType = text.plist.xml; path = Info.plist; sourceTree = "<group>"; };
		D7713F7C1FFCA7C20071EFC9 /* HelloARKitTests.xctest */ = {isa = PBXFileReference; explicitFileType = wrapper.cfbundle; includeInIndex = 0; path = HelloARKitTests.xctest; sourceTree = BUILT_PRODUCTS_DIR; };
		D7713F801FFCA7C20071EFC9 /* HelloARKitTests.swift */ = {isa = PBXFileReference; lastKnownFileType = sourcecode.swift; path = HelloARKitTests.swift; sourceTree = "<group>"; };
		D7713F821FFCA7C20071EFC9 /* Info.plist */ = {isa = PBXFileReference; lastKnownFileType = text.plist.xml; path = Info.plist; sourceTree = "<group>"; };
		D7713F871FFCA7C20071EFC9 /* HelloARKitUITests.xctest */ = {isa = PBXFileReference; explicitFileType = wrapper.cfbundle; includeInIndex = 0; path = HelloARKitUITests.xctest; sourceTree = BUILT_PRODUCTS_DIR; };
		D7713F8B1FFCA7C20071EFC9 /* HelloARKitUITests.swift */ = {isa = PBXFileReference; lastKnownFileType = sourcecode.swift; path = HelloARKitUITests.swift; sourceTree = "<group>"; };
		D7713F8D1FFCA7C20071EFC9 /* Info.plist */ = {isa = PBXFileReference; lastKnownFileType = text.plist.xml; path = Info.plist; sourceTree = "<group>"; };
/* End PBXFileReference section */

/* Begin PBXFrameworksBuildPhase section */
		D7713F651FFCA7C10071EFC9 /* Frameworks */ = {
			isa = PBXFrameworksBuildPhase;
			buildActionMask = 2147483647;
			files = (
			);
			runOnlyForDeploymentPostprocessing = 0;
		};
		D7713F791FFCA7C20071EFC9 /* Frameworks */ = {
			isa = PBXFrameworksBuildPhase;
			buildActionMask = 2147483647;
			files = (
			);
			runOnlyForDeploymentPostprocessing = 0;
		};
		D7713F841FFCA7C20071EFC9 /* Frameworks */ = {
			isa = PBXFrameworksBuildPhase;
			buildActionMask = 2147483647;
			files = (
			);
			runOnlyForDeploymentPostprocessing = 0;
		};
/* End PBXFrameworksBuildPhase section */

/* Begin PBXGroup section */
		D7713F5F1FFCA7C10071EFC9 = {
			isa = PBXGroup;
			children = (
				D7713F6A1FFCA7C10071EFC9 /* HelloARKit */,
				D7713F7F1FFCA7C20071EFC9 /* HelloARKitTests */,
				D7713F8A1FFCA7C20071EFC9 /* HelloARKitUITests */,
				D7713F691FFCA7C10071EFC9 /* Products */,
			);
			sourceTree = "<group>";
		};
		D7713F691FFCA7C10071EFC9 /* Products */ = {
			isa = PBXGroup;
			children = (
				D7713F681FFCA7C10071EFC9 /* HelloARKit.app */,
				D7713F7C1FFCA7C20071EFC9 /* HelloARKitTests.xctest */,
				D7713F871FFCA7C20071EFC9 /* HelloARKitUITests.xctest */,
			);
			name = Products;
			sourceTree = "<group>";
		};
		D7713F6A1FFCA7C10071EFC9 /* HelloARKit */ = {
			isa = PBXGroup;
			children = (
				D7713F6B1FFCA7C10071EFC9 /* AppDelegate.swift */,
				D7713F6D1FFCA7C10071EFC9 /* ViewController.swift */,
				D7713F6F1FFCA7C10071EFC9 /* Main.storyboard */,
				D7713F721FFCA7C10071EFC9 /* Assets.xcassets */,
				D7713F741FFCA7C10071EFC9 /* LaunchScreen.storyboard */,
				D7713F771FFCA7C10071EFC9 /* Info.plist */,
			);
			path = HelloARKit;
			sourceTree = "<group>";
		};
		D7713F7F1FFCA7C20071EFC9 /* HelloARKitTests */ = {
			isa = PBXGroup;
			children = (
				D7713F801FFCA7C20071EFC9 /* HelloARKitTests.swift */,
				D7713F821FFCA7C20071EFC9 /* Info.plist */,
			);
			path = HelloARKitTests;
			sourceTree = "<group>";
		};
		D7713F8A1FFCA7C20071EFC9 /* HelloARKitUITests */ = {
			isa = PBXGroup;
			children = (
				D7713F8B1FFCA7C20071EFC9 /* HelloARKitUITests.swift */,
				D7713F8D1FFCA7C20071EFC9 /* Info.plist */,
			);
			path = HelloARKitUITests;
			sourceTree = "<group>";
		};
/* End PBXGroup section */

/* Begin PBXNativeTarget section */
		D7713F671FFCA7C10071EFC9 /* HelloARKit */ = {
			isa = PBXNativeTarget;
			buildConfigurationList = D7713F901FFCA7C20071EFC9 /* Build configuration list for PBXNativeTarget "HelloARKit" */;
			buildPhases = (
				D7713F641FFCA7C10071EFC9 /* Sources */,
				D7713F651FFCA7C10071EFC9 /* Frameworks */,
				D7713F661FFCA7C10071EFC9 /* Resources */,
			);
			buildRules = (
			);
			dependencies = (
			);
			name = HelloARKit;
			productName = HelloARKit;
			productReference = D7713F681FFCA7C10071EFC9 /* HelloARKit.app */;
			productType = "com.apple.product-type.application";
		};
		D7713F7B1FFCA7C20071EFC9 /* HelloARKitTests */ = {
			isa = PBXNativeTarget;
			buildConfigurationList = D7713F931FFCA7C20071EFC9 /* Build configuration list for PBXNativeTarget "HelloARKitTests" */;
			buildPhases = (
				D7713F781FFCA7C20071EFC9 /* Sources */,
				D7713F791FFCA7C20071EFC9 /* Frameworks */,
				D7713F7A1FFCA7C20071EFC9 /* Resources */,
			);
			buildRules = (
			);
			dependencies = (
				D7713F7E1FFCA7C20071EFC9 /* PBXTargetDependency */,
			);
			name = HelloARKitTests;
			productName = HelloARKitTests;
			productReference = D7713F7C1FFCA7C20071EFC9 /* HelloARKitTests.xctest */;
			productType = "com.apple.product-type.bundle.unit-test";
		};
		D7713F861FFCA7C20071EFC9 /* HelloARKitUITests */ = {
			isa = PBXNativeTarget;
			buildConfigurationList = D7713F961FFCA7C20071EFC9 /* Build configuration list for PBXNativeTarget "HelloARKitUITests" */;
			buildPhases = (
				D7713F831FFCA7C20071EFC9 /* Sources */,
				D7713F841FFCA7C20071EFC9 /* Frameworks */,
				D7713F851FFCA7C20071EFC9 /* Resources */,
			);
			buildRules = (
			);
			dependencies = (
				D7713F891FFCA7C20071EFC9 /* PBXTargetDependency */,
			);
			name = HelloARKitUITests;
			productName = HelloARKitUITests;
			productReference = D7713F871FFCA7C20071EFC9 /* HelloARKitUITests.xctest */;
			productType = "com.apple.product-type.bundle.ui-testing";
		};
/* End PBXNativeTarget section */

/* Begin PBXProject section */
		D7713F601FFCA7C10071EFC9 /* Project object */ = {
			isa = PBXProject;
			attributes = {
				LastSwiftUpdateCheck = 0920;
				LastUpgradeCheck = 0920;
				ORGANIZATIONNAME = Dev;
				TargetAttributes = {
					D7713F671FFCA7C10071EFC9 = {
						CreatedOnToolsVersion = 9.2;
						ProvisioningStyle = Automatic;
					};
					D7713F7B1FFCA7C20071EFC9 = {
						CreatedOnToolsVersion = 9.2;
						ProvisioningStyle = Automatic;
						TestTargetID = D7713F671FFCA7C10071EFC9;
					};
					D7713F861FFCA7C20071EFC9 = {
						CreatedOnToolsVersion = 9.2;
						ProvisioningStyle = Automatic;
						TestTargetID = D7713F671FFCA7C10071EFC9;
					};
				};
			};
			buildConfigurationList = D7713F631FFCA7C10071EFC9 /* Build configuration list for PBXProject "HelloARKit" */;
			compatibilityVersion = "Xcode 8.0";
			developmentRegion = en;
			hasScannedForEncodings = 0;
			knownRegions = (
				en,
				Base,
			);
			mainGroup = D7713F5F1FFCA7C10071EFC9;
			productRefGroup = D7713F691FFCA7C10071EFC9 /* Products */;
			projectDirPath = "";
			projectRoot = "";
			targets = (
				D7713F671FFCA7C10071EFC9 /* HelloARKit */,
				D7713F7B1FFCA7C20071EFC9 /* HelloARKitTests */,
				D7713F861FFCA7C20071EFC9 /* HelloARKitUITests */,
			);
		};
/* End PBXProject section */

/* Begin PBXResourcesBuildPhase section */
		D7713F661FFCA7C10071EFC9 /* Resources */ = {
			isa = PBXResourcesBuildPhase;
			buildActionMask = 2147483647;
			files = (
				D7713F761FFCA7C10071EFC9 /* LaunchScreen.storyboard in Resources */,
				D7713F731FFCA7C10071EFC9 /* Assets.xcassets in Resources */,
				D7713F711FFCA7C10071EFC9 /* Main.storyboard in Resources */,
			);
			runOnlyForDeploymentPostprocessing = 0;
		};
		D7713F7A1FFCA7C20071EFC9 /* Resources */ = {
			isa = PBXResourcesBuildPhase;
			buildActionMask = 2147483647;
			files = (
			);
			runOnlyForDeploymentPostprocessing = 0;
		};
		D7713F851FFCA7C20071EFC9 /* Resources */ = {
			isa = PBXResourcesBuildPhase;
			buildActionMask = 2147483647;
			files = (
			);
			runOnlyForDeploymentPostprocessing = 0;
		};
/* End PBXResourcesBuildPhase section */

/* Begin PBXSourcesBuildPhase section */
		D7713F641FFCA7C10071EFC9 /* Sources */ = {
			isa = PBXSourcesBuildPhase;
			buildActionMask = 2147483647;
			files = (
				D7713F6E1FFCA7C10071EFC9 /* ViewController.swift in Sources */,
				D7713F6C1FFCA7C10071EFC9 /* AppDelegate.swift in Sources */,
			);
			runOnlyForDeploymentPostprocessing = 0;
		};
		D7713F781FFCA7C20071EFC9 /* Sources */ = {
			isa = PBXSourcesBuildPhase;
			buildActionMask = 2147483647;
			files = (
				D7713F811FFCA7C20071EFC9 /* HelloARKitTests.swift in Sources */,
			);
			runOnlyForDeploymentPostprocessing = 0;
		};
		D7713F831FFCA7C20071EFC9 /* Sources */ = {
			isa = PBXSourcesBuildPhase;
			buildActionMask = 2147483647;
			files = (
				D7713F8C1FFCA7C20071EFC9 /* HelloARKitUITests.swift in Sources */,
			);
			runOnlyForDeploymentPostprocessing = 0;
		};
/* End PBXSourcesBuildPhase section */

/* Begin PBXTargetDependency section */
		D7713F7E1FFCA7C20071EFC9 /* PBXTargetDependency */ = {
			isa = PBXTargetDependency;
			target = D7713F671FFCA7C10071EFC9 /* HelloARKit */;
			targetProxy = D7713F7D1FFCA7C20071EFC9 /* PBXContainerItemProxy */;
		};
		D7713F891FFCA7C20071EFC9 /* PBXTargetDependency */ = {
			isa = PBXTargetDependency;
			target = D7713F671FFCA7C10071EFC9 /* HelloARKit */;
			targetProxy = D7713F881FFCA7C20071EFC9 /* PBXContainerItemProxy */;
		};
/* End PBXTargetDependency section */

/* Begin PBXVariantGroup section */
		D7713F6F1FFCA7C10071EFC9 /* Main.storyboard */ = {
			isa = PBXVariantGroup;
			children = (
				D7713F701FFCA7C10071EFC9 /* Base */,
			);
			name = Main.storyboard;
			sourceTree = "<group>";
		};
		D7713F741FFCA7C10071EFC9 /* LaunchScreen.storyboard */ = {
			isa = PBXVariantGroup;
			children = (
				D7713F751FFCA7C10071EFC9 /* Base */,
			);
			name = LaunchScreen.storyboard;
			sourceTree = "<group>";
		};
/* End PBXVariantGroup section */

/* Begin XCBuildConfiguration section */
		D7713F8E1FFCA7C20071EFC9 /* Debug */ = {
			isa = XCBuildConfiguration;
			buildSettings = {
				ALWAYS_SEARCH_USER_PATHS = NO;
				CLANG_ANALYZER_NONNULL = YES;
				CLANG_ANALYZER_NUMBER_OBJECT_CONVERSION = YES_AGGRESSIVE;
				CLANG_CXX_LANGUAGE_STANDARD = "gnu++14";
				CLANG_CXX_LIBRARY = "libc++";
				CLANG_ENABLE_MODULES = YES;
				CLANG_ENABLE_OBJC_ARC = YES;
				CLANG_WARN_BLOCK_CAPTURE_AUTORELEASING = YES;
				CLANG_WARN_BOOL_CONVERSION = YES;
				CLANG_WARN_COMMA = YES;
				CLANG_WARN_CONSTANT_CONVERSION = YES;
				CLANG_WARN_DIRECT_OBJC_ISA_USAGE = YES_ERROR;
				CLANG_WARN_DOCUMENTATION_COMMENTS = YES;
				CLANG_WARN_EMPTY_BODY = YES;
				CLANG_WARN_ENUM_CONVERSION = YES;
				CLANG_WARN_INFINITE_RECURSION = YES;
				CLANG_WARN_INT_CONVERSION = YES;
				CLANG_WARN_NON_LITERAL_NULL_CONVERSION = YES;
				CLANG_WARN_OBJC_LITERAL_CONVERSION = YES;
				CLANG_WARN_OBJC_ROOT_CLASS = YES_ERROR;
				CLANG_WARN_RANGE_LOOP_ANALYSIS = YES;
				CLANG_WARN_STRICT_PROTOTYPES = YES;
				CLANG_WARN_SUSPICIOUS_MOVE = YES;
				CLANG_WARN_UNGUARDED_AVAILABILITY = YES_AGGRESSIVE;
				CLANG_WARN_UNREACHABLE_CODE = YES;
				CLANG_WARN__DUPLICATE_METHOD_MATCH = YES;
				CODE_SIGN_IDENTITY = "iPhone Developer";
				COPY_PHASE_STRIP = NO;
				DEBUG_INFORMATION_FORMAT = dwarf;
				ENABLE_STRICT_OBJC_MSGSEND = YES;
				ENABLE_TESTABILITY = YES;
				GCC_C_LANGUAGE_STANDARD = gnu11;
				GCC_DYNAMIC_NO_PIC = NO;
				GCC_NO_COMMON_BLOCKS = YES;
				GCC_OPTIMIZATION_LEVEL = 0;
				GCC_PREPROCESSOR_DEFINITIONS = (
					"DEBUG=1",
					"$(inherited)",
				);
				GCC_WARN_64_TO_32_BIT_CONVERSION = YES;
				GCC_WARN_ABOUT_RETURN_TYPE = YES_ERROR;
				GCC_WARN_UNDECLARED_SELECTOR = YES;
				GCC_WARN_UNINITIALIZED_AUTOS = YES_AGGRESSIVE;
				GCC_WARN_UNUSED_FUNCTION = YES;
				GCC_WARN_UNUSED_VARIABLE = YES;
				IPHONEOS_DEPLOYMENT_TARGET = 11.2;
				MTL_ENABLE_DEBUG_INFO = YES;
				ONLY_ACTIVE_ARCH = YES;
				SDKROOT = iphoneos;
				SWIFT_ACTIVE_COMPILATION_CONDITIONS = DEBUG;
				SWIFT_OPTIMIZATION_LEVEL = "-Onone";
			};
			name = Debug;
		};
		D7713F8F1FFCA7C20071EFC9 /* Release */ = {
			isa = XCBuildConfiguration;
			buildSettings = {
				ALWAYS_SEARCH_USER_PATHS = NO;
				CLANG_ANALYZER_NONNULL = YES;
				CLANG_ANALYZER_NUMBER_OBJECT_CONVERSION = YES_AGGRESSIVE;
				CLANG_CXX_LANGUAGE_STANDARD = "gnu++14";
				CLANG_CXX_LIBRARY = "libc++";
				CLANG_ENABLE_MODULES = YES;
				CLANG_ENABLE_OBJC_ARC = YES;
				CLANG_WARN_BLOCK_CAPTURE_AUTORELEASING = YES;
				CLANG_WARN_BOOL_CONVERSION = YES;
				CLANG_WARN_COMMA = YES;
				CLANG_WARN_CONSTANT_CONVERSION = YES;
				CLANG_WARN_DIRECT_OBJC_ISA_USAGE = YES_ERROR;
				CLANG_WARN_DOCUMENTATION_COMMENTS = YES;
				CLANG_WARN_EMPTY_BODY = YES;
				CLANG_WARN_ENUM_CONVERSION = YES;
				CLANG_WARN_INFINITE_RECURSION = YES;
				CLANG_WARN_INT_CONVERSION = YES;
				CLANG_WARN_NON_LITERAL_NULL_CONVERSION = YES;
				CLANG_WARN_OBJC_LITERAL_CONVERSION = YES;
				CLANG_WARN_OBJC_ROOT_CLASS = YES_ERROR;
				CLANG_WARN_RANGE_LOOP_ANALYSIS = YES;
				CLANG_WARN_STRICT_PROTOTYPES = YES;
				CLANG_WARN_SUSPICIOUS_MOVE = YES;
				CLANG_WARN_UNGUARDED_AVAILABILITY = YES_AGGRESSIVE;
				CLANG_WARN_UNREACHABLE_CODE = YES;
				CLANG_WARN__DUPLICATE_METHOD_MATCH = YES;
				CODE_SIGN_IDENTITY = "iPhone Developer";
				COPY_PHASE_STRIP = NO;
				DEBUG_INFORMATION_FORMAT = "dwarf-with-dsym";
				ENABLE_NS_ASSERTIONS = NO;
				ENABLE_STRICT_OBJC_MSGSEND = YES;
				GCC_C_LANGUAGE_STANDARD = gnu11;
				GCC_NO_COMMON_BLOCKS = YES;
				GCC_WARN_64_TO_32_BIT_CONVERSION = YES;
				GCC_WARN_ABOUT_RETURN_TYPE = YES_ERROR;
				GCC_WARN_UNDECLARED_SELECTOR = YES;
				GCC_WARN_UNINITIALIZED_AUTOS = YES_AGGRESSIVE;
				GCC_WARN_UNUSED_FUNCTION = YES;
				GCC_WARN_UNUSED_VARIABLE = YES;
				IPHONEOS_DEPLOYMENT_TARGET = 11.2;
				MTL_ENABLE_DEBUG_INFO = NO;
				SDKROOT = iphoneos;
				SWIFT_OPTIMIZATION_LEVEL = "-Owholemodule";
				VALIDATE_PRODUCT = YES;
			};
			name = Release;
		};
		D7713F911FFCA7C20071EFC9 /* Debug */ = {
			isa = XCBuildConfiguration;
			buildSettings = {
				ASSETCATALOG_COMPILER_APPICON_NAME = AppIcon;
				CODE_SIGN_STYLE = Automatic;
				DEVELOPMENT_TEAM = 8E3WW2RPPH;
				INFOPLIST_FILE = HelloARKit/Info.plist;
				LD_RUNPATH_SEARCH_PATHS = "$(inherited) @executable_path/Frameworks";
				PRODUCT_BUNDLE_IDENTIFIER = ETRI.COM.HelloARKit;
				PRODUCT_NAME = "$(TARGET_NAME)";
				SWIFT_VERSION = 4.0;
				TARGETED_DEVICE_FAMILY = "1,2";
			};
			name = Debug;
		};
		D7713F921FFCA7C20071EFC9 /* Release */ = {
			isa = XCBuildConfiguration;
			buildSettings = {
				ASSETCATALOG_COMPILER_APPICON_NAME = AppIcon;
				CODE_SIGN_STYLE = Automatic;
				DEVELOPMENT_TEAM = 8E3WW2RPPH;
				INFOPLIST_FILE = HelloARKit/Info.plist;
				LD_RUNPATH_SEARCH_PATHS = "$(inherited) @executable_path/Frameworks";
				PRODUCT_BUNDLE_IDENTIFIER = ETRI.COM.HelloARKit;
				PRODUCT_NAME = "$(TARGET_NAME)";
				SWIFT_VERSION = 4.0;
				TARGETED_DEVICE_FAMILY = "1,2";
			};
			name = Release;
		};
		D7713F941FFCA7C20071EFC9 /* Debug */ = {
			isa = XCBuildConfiguration;
			buildSettings = {
				ALWAYS_EMBED_SWIFT_STANDARD_LIBRARIES = YES;
				BUNDLE_LOADER = "$(TEST_HOST)";
				CODE_SIGN_STYLE = Automatic;
				DEVELOPMENT_TEAM = 8E3WW2RPPH;
				INFOPLIST_FILE = HelloARKitTests/Info.plist;
				LD_RUNPATH_SEARCH_PATHS = "$(inherited) @executable_path/Frameworks @loader_path/Frameworks";
				PRODUCT_BUNDLE_IDENTIFIER = ETRI.COM.HelloARKitTests;
				PRODUCT_NAME = "$(TARGET_NAME)";
				SWIFT_VERSION = 4.0;
				TARGETED_DEVICE_FAMILY = "1,2";
				TEST_HOST = "$(BUILT_PRODUCTS_DIR)/HelloARKit.app/HelloARKit";
			};
			name = Debug;
		};
		D7713F951FFCA7C20071EFC9 /* Release */ = {
			isa = XCBuildConfiguration;
			buildSettings = {
				ALWAYS_EMBED_SWIFT_STANDARD_LIBRARIES = YES;
				BUNDLE_LOADER = "$(TEST_HOST)";
				CODE_SIGN_STYLE = Automatic;
				DEVELOPMENT_TEAM = 8E3WW2RPPH;
				INFOPLIST_FILE = HelloARKitTests/Info.plist;
				LD_RUNPATH_SEARCH_PATHS = "$(inherited) @executable_path/Frameworks @loader_path/Frameworks";
				PRODUCT_BUNDLE_IDENTIFIER = ETRI.COM.HelloARKitTests;
				PRODUCT_NAME = "$(TARGET_NAME)";
				SWIFT_VERSION = 4.0;
				TARGETED_DEVICE_FAMILY = "1,2";
				TEST_HOST = "$(BUILT_PRODUCTS_DIR)/HelloARKit.app/HelloARKit";
			};
			name = Release;
		};
		D7713F971FFCA7C20071EFC9 /* Debug */ = {
			isa = XCBuildConfiguration;
			buildSettings = {
				ALWAYS_EMBED_SWIFT_STANDARD_LIBRARIES = YES;
				CODE_SIGN_STYLE = Automatic;
				DEVELOPMENT_TEAM = 8E3WW2RPPH;
				INFOPLIST_FILE = HelloARKitUITests/Info.plist;
				LD_RUNPATH_SEARCH_PATHS = "$(inherited) @executable_path/Frameworks @loader_path/Frameworks";
				PRODUCT_BUNDLE_IDENTIFIER = ETRI.COM.HelloARKitUITests;
				PRODUCT_NAME = "$(TARGET_NAME)";
				SWIFT_VERSION = 4.0;
				TARGETED_DEVICE_FAMILY = "1,2";
				TEST_TARGET_NAME = HelloARKit;
			};
			name = Debug;
		};
		D7713F981FFCA7C20071EFC9 /* Release */ = {
			isa = XCBuildConfiguration;
			buildSettings = {
				ALWAYS_EMBED_SWIFT_STANDARD_LIBRARIES = YES;
				CODE_SIGN_STYLE = Automatic;
				DEVELOPMENT_TEAM = 8E3WW2RPPH;
				INFOPLIST_FILE = HelloARKitUITests/Info.plist;
				LD_RUNPATH_SEARCH_PATHS = "$(inherited) @executable_path/Frameworks @loader_path/Frameworks";
				PRODUCT_BUNDLE_IDENTIFIER = ETRI.COM.HelloARKitUITests;
				PRODUCT_NAME = "$(TARGET_NAME)";
				SWIFT_VERSION = 4.0;
				TARGETED_DEVICE_FAMILY = "1,2";
				TEST_TARGET_NAME = HelloARKit;
			};
			name = Release;
		};
/* End XCBuildConfiguration section */

/* Begin XCConfigurationList section */
		D7713F631FFCA7C10071EFC9 /* Build configuration list for PBXProject "HelloARKit" */ = {
			isa = XCConfigurationList;
			buildConfigurations = (
				D7713F8E1FFCA7C20071EFC9 /* Debug */,
				D7713F8F1FFCA7C20071EFC9 /* Release */,
			);
			defaultConfigurationIsVisible = 0;
			defaultConfigurationName = Release;
		};
		D7713F901FFCA7C20071EFC9 /* Build configuration list for PBXNativeTarget "HelloARKit" */ = {
			isa = XCConfigurationList;
			buildConfigurations = (
				D7713F911FFCA7C20071EFC9 /* Debug */,
				D7713F921FFCA7C20071EFC9 /* Release */,
			);
			defaultConfigurationIsVisible = 0;
			defaultConfigurationName = Release;
		};
		D7713F931FFCA7C20071EFC9 /* Build configuration list for PBXNativeTarget "HelloARKitTests" */ = {
			isa = XCConfigurationList;
			buildConfigurations = (
				D7713F941FFCA7C20071EFC9 /* Debug */,
				D7713F951FFCA7C20071EFC9 /* Release */,
			);
			defaultConfigurationIsVisible = 0;
			defaultConfigurationName = Release;
		};
		D7713F961FFCA7C20071EFC9 /* Build configuration list for PBXNativeTarget "HelloARKitUITests" */ = {
			isa = XCConfigurationList;
			buildConfigurations = (
				D7713F971FFCA7C20071EFC9 /* Debug */,
				D7713F981FFCA7C20071EFC9 /* Release */,
			);
			defaultConfigurationIsVisible = 0;
			defaultConfigurationName = Release;
		};
/* End XCConfigurationList section */
	};
	rootObject = D7713F601FFCA7C10071EFC9 /* Project object */;
}
