// !$*UTF8*$!
{
	archiveVersion = 1;
	classes = {
	};
	objectVersion = 48;
	objects = {

/* Begin PBXBuildFile section */
		540E3FC6A3D9F498546DE450 /* Pods_SocketTest.framework in Frameworks */ = {isa = PBXBuildFile; fileRef = E721073D45BD70E8FE1E3521 /* Pods_SocketTest.framework */; };
		D7B9731720072CB000D6A962 /* AppDelegate.swift in Sources */ = {isa = PBXBuildFile; fileRef = D7B9731620072CB000D6A962 /* AppDelegate.swift */; };
		D7B9731920072CB000D6A962 /* ViewController.swift in Sources */ = {isa = PBXBuildFile; fileRef = D7B9731820072CB000D6A962 /* ViewController.swift */; };
		D7B9731C20072CB000D6A962 /* Main.storyboard in Resources */ = {isa = PBXBuildFile; fileRef = D7B9731A20072CB000D6A962 /* Main.storyboard */; };
		D7B9731E20072CB000D6A962 /* Assets.xcassets in Resources */ = {isa = PBXBuildFile; fileRef = D7B9731D20072CB000D6A962 /* Assets.xcassets */; };
		D7B9732120072CB000D6A962 /* LaunchScreen.storyboard in Resources */ = {isa = PBXBuildFile; fileRef = D7B9731F20072CB000D6A962 /* LaunchScreen.storyboard */; };
		D7B9732A20072EE500D6A962 /* SwiftSocket.framework in Frameworks */ = {isa = PBXBuildFile; fileRef = D7B9732B20072EE500D6A962 /* SwiftSocket.framework */; };
		D7B97333200734CB00D6A962 /* TCPClient.swift in Sources */ = {isa = PBXBuildFile; fileRef = D7B97332200734CB00D6A962 /* TCPClient.swift */; };
		D7B973362007351200D6A962 /* Socket.swift in Sources */ = {isa = PBXBuildFile; fileRef = D7B973352007351100D6A962 /* Socket.swift */; };
		D7B973382007351500D6A962 /* Result.swift in Sources */ = {isa = PBXBuildFile; fileRef = D7B973372007351500D6A962 /* Result.swift */; };
		D7B9733A2007352500D6A962 /* ytcpsocket.c in Sources */ = {isa = PBXBuildFile; fileRef = D7B973392007352500D6A962 /* ytcpsocket.c */; };
/* End PBXBuildFile section */

/* Begin PBXFileReference section */
		01A36192D970F15CF995DC05 /* Pods-SocketTest.release.xcconfig */ = {isa = PBXFileReference; includeInIndex = 1; lastKnownFileType = text.xcconfig; name = "Pods-SocketTest.release.xcconfig"; path = "Pods/Target Support Files/Pods-SocketTest/Pods-SocketTest.release.xcconfig"; sourceTree = "<group>"; };
		4DC151ADE4D3280D3EEF509F /* Pods-SocketTest.debug.xcconfig */ = {isa = PBXFileReference; includeInIndex = 1; lastKnownFileType = text.xcconfig; name = "Pods-SocketTest.debug.xcconfig"; path = "Pods/Target Support Files/Pods-SocketTest/Pods-SocketTest.debug.xcconfig"; sourceTree = "<group>"; };
		D7B9731320072CB000D6A962 /* SocketTest.app */ = {isa = PBXFileReference; explicitFileType = wrapper.application; includeInIndex = 0; path = SocketTest.app; sourceTree = BUILT_PRODUCTS_DIR; };
		D7B9731620072CB000D6A962 /* AppDelegate.swift */ = {isa = PBXFileReference; lastKnownFileType = sourcecode.swift; path = AppDelegate.swift; sourceTree = "<group>"; };
		D7B9731820072CB000D6A962 /* ViewController.swift */ = {isa = PBXFileReference; lastKnownFileType = sourcecode.swift; path = ViewController.swift; sourceTree = "<group>"; };
		D7B9731B20072CB000D6A962 /* Base */ = {isa = PBXFileReference; lastKnownFileType = file.storyboard; name = Base; path = Base.lproj/Main.storyboard; sourceTree = "<group>"; };
		D7B9731D20072CB000D6A962 /* Assets.xcassets */ = {isa = PBXFileReference; lastKnownFileType = folder.assetcatalog; path = Assets.xcassets; sourceTree = "<group>"; };
		D7B9732020072CB000D6A962 /* Base */ = {isa = PBXFileReference; lastKnownFileType = file.storyboard; name = Base; path = Base.lproj/LaunchScreen.storyboard; sourceTree = "<group>"; };
		D7B9732220072CB000D6A962 /* Info.plist */ = {isa = PBXFileReference; lastKnownFileType = text.plist.xml; path = Info.plist; sourceTree = "<group>"; };
		D7B9732B20072EE500D6A962 /* SwiftSocket.framework */ = {isa = PBXFileReference; explicitFileType = wrapper.framework; path = SwiftSocket.framework; sourceTree = BUILT_PRODUCTS_DIR; };
		D7B97332200734CB00D6A962 /* TCPClient.swift */ = {isa = PBXFileReference; fileEncoding = 4; lastKnownFileType = sourcecode.swift; path = TCPClient.swift; sourceTree = "<group>"; };
		D7B973342007350C00D6A962 /* SwiftSocket.h */ = {isa = PBXFileReference; lastKnownFileType = sourcecode.c.h; path = SwiftSocket.h; sourceTree = "<group>"; };
		D7B973352007351100D6A962 /* Socket.swift */ = {isa = PBXFileReference; fileEncoding = 4; lastKnownFileType = sourcecode.swift; path = Socket.swift; sourceTree = "<group>"; };
		D7B973372007351500D6A962 /* Result.swift */ = {isa = PBXFileReference; fileEncoding = 4; lastKnownFileType = sourcecode.swift; path = Result.swift; sourceTree = "<group>"; };
		D7B973392007352500D6A962 /* ytcpsocket.c */ = {isa = PBXFileReference; fileEncoding = 4; lastKnownFileType = sourcecode.c.c; path = ytcpsocket.c; sourceTree = "<group>"; };
		E721073D45BD70E8FE1E3521 /* Pods_SocketTest.framework */ = {isa = PBXFileReference; explicitFileType = wrapper.framework; includeInIndex = 0; path = Pods_SocketTest.framework; sourceTree = BUILT_PRODUCTS_DIR; };
/* End PBXFileReference section */

/* Begin PBXFrameworksBuildPhase section */
		D7B9731020072CB000D6A962 /* Frameworks */ = {
			isa = PBXFrameworksBuildPhase;
			buildActionMask = 2147483647;
			files = (
				D7B9732A20072EE500D6A962 /* SwiftSocket.framework in Frameworks */,
				540E3FC6A3D9F498546DE450 /* Pods_SocketTest.framework in Frameworks */,
			);
			runOnlyForDeploymentPostprocessing = 0;
		};
/* End PBXFrameworksBuildPhase section */

/* Begin PBXGroup section */
		2ED47F49C1841DC1AD8567DD /* Frameworks */ = {
			isa = PBXGroup;
			children = (
				D7B9732B20072EE500D6A962 /* SwiftSocket.framework */,
				E721073D45BD70E8FE1E3521 /* Pods_SocketTest.framework */,
			);
			name = Frameworks;
			sourceTree = "<group>";
		};
		D7B9730A20072CAF00D6A962 = {
			isa = PBXGroup;
			children = (
				D7B9731520072CB000D6A962 /* SocketTest */,
				D7B9731420072CB000D6A962 /* Products */,
				EAEFB691BFA641EAF47437E7 /* Pods */,
				2ED47F49C1841DC1AD8567DD /* Frameworks */,
			);
			sourceTree = "<group>";
		};
		D7B9731420072CB000D6A962 /* Products */ = {
			isa = PBXGroup;
			children = (
				D7B9731320072CB000D6A962 /* SocketTest.app */,
			);
			name = Products;
			sourceTree = "<group>";
		};
		D7B9731520072CB000D6A962 /* SocketTest */ = {
			isa = PBXGroup;
			children = (
				D7B97332200734CB00D6A962 /* TCPClient.swift */,
				D7B973342007350C00D6A962 /* SwiftSocket.h */,
				D7B973352007351100D6A962 /* Socket.swift */,
				D7B973372007351500D6A962 /* Result.swift */,
				D7B973392007352500D6A962 /* ytcpsocket.c */,
				D7B9731620072CB000D6A962 /* AppDelegate.swift */,
				D7B9731820072CB000D6A962 /* ViewController.swift */,
				D7B9731A20072CB000D6A962 /* Main.storyboard */,
				D7B9731D20072CB000D6A962 /* Assets.xcassets */,
				D7B9731F20072CB000D6A962 /* LaunchScreen.storyboard */,
				D7B9732220072CB000D6A962 /* Info.plist */,
			);
			path = SocketTest;
			sourceTree = "<group>";
		};
		EAEFB691BFA641EAF47437E7 /* Pods */ = {
			isa = PBXGroup;
			children = (
				4DC151ADE4D3280D3EEF509F /* Pods-SocketTest.debug.xcconfig */,
				01A36192D970F15CF995DC05 /* Pods-SocketTest.release.xcconfig */,
			);
			name = Pods;
			sourceTree = "<group>";
		};
/* End PBXGroup section */

/* Begin PBXNativeTarget section */
		D7B9731220072CB000D6A962 /* SocketTest */ = {
			isa = PBXNativeTarget;
			buildConfigurationList = D7B9732520072CB000D6A962 /* Build configuration list for PBXNativeTarget "SocketTest" */;
			buildPhases = (
				6C0A505BA4C812C5212F63D8 /* [CP] Check Pods Manifest.lock */,
				D7B9730F20072CB000D6A962 /* Sources */,
				D7B9731020072CB000D6A962 /* Frameworks */,
				D7B9731120072CB000D6A962 /* Resources */,
				42EE8B9644AEFB2A0C1EBFCE /* [CP] Embed Pods Frameworks */,
				72C6739ECF2F5EBE1256BA6A /* [CP] Copy Pods Resources */,
			);
			buildRules = (
			);
			dependencies = (
			);
			name = SocketTest;
			productName = SocketTest;
			productReference = D7B9731320072CB000D6A962 /* SocketTest.app */;
			productType = "com.apple.product-type.application";
		};
/* End PBXNativeTarget section */

/* Begin PBXProject section */
		D7B9730B20072CAF00D6A962 /* Project object */ = {
			isa = PBXProject;
			attributes = {
				LastSwiftUpdateCheck = 0920;
				LastUpgradeCheck = 0920;
				ORGANIZATIONNAME = Dev;
				TargetAttributes = {
					D7B9731220072CB000D6A962 = {
						CreatedOnToolsVersion = 9.2;
						ProvisioningStyle = Automatic;
					};
				};
			};
			buildConfigurationList = D7B9730E20072CAF00D6A962 /* Build configuration list for PBXProject "SocketTest" */;
			compatibilityVersion = "Xcode 8.0";
			developmentRegion = en;
			hasScannedForEncodings = 0;
			knownRegions = (
				en,
				Base,
			);
			mainGroup = D7B9730A20072CAF00D6A962;
			productRefGroup = D7B9731420072CB000D6A962 /* Products */;
			projectDirPath = "";
			projectRoot = "";
			targets = (
				D7B9731220072CB000D6A962 /* SocketTest */,
			);
		};
/* End PBXProject section */

/* Begin PBXResourcesBuildPhase section */
		D7B9731120072CB000D6A962 /* Resources */ = {
			isa = PBXResourcesBuildPhase;
			buildActionMask = 2147483647;
			files = (
				D7B9732120072CB000D6A962 /* LaunchScreen.storyboard in Resources */,
				D7B9731E20072CB000D6A962 /* Assets.xcassets in Resources */,
				D7B9731C20072CB000D6A962 /* Main.storyboard in Resources */,
			);
			runOnlyForDeploymentPostprocessing = 0;
		};
/* End PBXResourcesBuildPhase section */

/* Begin PBXShellScriptBuildPhase section */
		42EE8B9644AEFB2A0C1EBFCE /* [CP] Embed Pods Frameworks */ = {
			isa = PBXShellScriptBuildPhase;
			buildActionMask = 2147483647;
			files = (
			);
			inputPaths = (
				"${SRCROOT}/Pods/Target Support Files/Pods-SocketTest/Pods-SocketTest-frameworks.sh",
				"${BUILT_PRODUCTS_DIR}/SwiftSocket/SwiftSocket.framework",
			);
			name = "[CP] Embed Pods Frameworks";
			outputPaths = (
				"${TARGET_BUILD_DIR}/${FRAMEWORKS_FOLDER_PATH}/SwiftSocket.framework",
			);
			runOnlyForDeploymentPostprocessing = 0;
			shellPath = /bin/sh;
			shellScript = "\"${SRCROOT}/Pods/Target Support Files/Pods-SocketTest/Pods-SocketTest-frameworks.sh\"\n";
			showEnvVarsInLog = 0;
		};
		6C0A505BA4C812C5212F63D8 /* [CP] Check Pods Manifest.lock */ = {
			isa = PBXShellScriptBuildPhase;
			buildActionMask = 2147483647;
			files = (
			);
			inputPaths = (
				"${PODS_PODFILE_DIR_PATH}/Podfile.lock",
				"${PODS_ROOT}/Manifest.lock",
			);
			name = "[CP] Check Pods Manifest.lock";
			outputPaths = (
				"$(DERIVED_FILE_DIR)/Pods-SocketTest-checkManifestLockResult.txt",
			);
			runOnlyForDeploymentPostprocessing = 0;
			shellPath = /bin/sh;
			shellScript = "diff \"${PODS_PODFILE_DIR_PATH}/Podfile.lock\" \"${PODS_ROOT}/Manifest.lock\" > /dev/null\nif [ $? != 0 ] ; then\n    # print error to STDERR\n    echo \"error: The sandbox is not in sync with the Podfile.lock. Run 'pod install' or update your CocoaPods installation.\" >&2\n    exit 1\nfi\n# This output is used by Xcode 'outputs' to avoid re-running this script phase.\necho \"SUCCESS\" > \"${SCRIPT_OUTPUT_FILE_0}\"\n";
			showEnvVarsInLog = 0;
		};
		72C6739ECF2F5EBE1256BA6A /* [CP] Copy Pods Resources */ = {
			isa = PBXShellScriptBuildPhase;
			buildActionMask = 2147483647;
			files = (
			);
			inputPaths = (
			);
			name = "[CP] Copy Pods Resources";
			outputPaths = (
			);
			runOnlyForDeploymentPostprocessing = 0;
			shellPath = /bin/sh;
			shellScript = "\"${SRCROOT}/Pods/Target Support Files/Pods-SocketTest/Pods-SocketTest-resources.sh\"\n";
			showEnvVarsInLog = 0;
		};
/* End PBXShellScriptBuildPhase section */

/* Begin PBXSourcesBuildPhase section */
		D7B9730F20072CB000D6A962 /* Sources */ = {
			isa = PBXSourcesBuildPhase;
			buildActionMask = 2147483647;
			files = (
				D7B973362007351200D6A962 /* Socket.swift in Sources */,
				D7B973382007351500D6A962 /* Result.swift in Sources */,
				D7B9731920072CB000D6A962 /* ViewController.swift in Sources */,
				D7B9731720072CB000D6A962 /* AppDelegate.swift in Sources */,
				D7B9733A2007352500D6A962 /* ytcpsocket.c in Sources */,
				D7B97333200734CB00D6A962 /* TCPClient.swift in Sources */,
			);
			runOnlyForDeploymentPostprocessing = 0;
		};
/* End PBXSourcesBuildPhase section */

/* Begin PBXVariantGroup section */
		D7B9731A20072CB000D6A962 /* Main.storyboard */ = {
			isa = PBXVariantGroup;
			children = (
				D7B9731B20072CB000D6A962 /* Base */,
			);
			name = Main.storyboard;
			sourceTree = "<group>";
		};
		D7B9731F20072CB000D6A962 /* LaunchScreen.storyboard */ = {
			isa = PBXVariantGroup;
			children = (
				D7B9732020072CB000D6A962 /* Base */,
			);
			name = LaunchScreen.storyboard;
			sourceTree = "<group>";
		};
/* End PBXVariantGroup section */

/* Begin XCBuildConfiguration section */
		D7B9732320072CB000D6A962 /* Debug */ = {
			isa = XCBuildConfiguration;
			buildSettings = {
				ALWAYS_SEARCH_USER_PATHS = NO;
				CLANG_ANALYZER_NONNULL = YES;
				CLANG_ANALYZER_NUMBER_OBJECT_CONVERSION = YES_AGGRESSIVE;
				CLANG_CXX_LANGUAGE_STANDARD = "gnu++14";
				CLANG_CXX_LIBRARY = "libc++";
				CLANG_ENABLE_MODULES = YES;
				CLANG_ENABLE_OBJC_ARC = YES;
				CLANG_WARN_BLOCK_CAPTURE_AUTORELEASING = YES;
				CLANG_WARN_BOOL_CONVERSION = YES;
				CLANG_WARN_COMMA = YES;
				CLANG_WARN_CONSTANT_CONVERSION = YES;
				CLANG_WARN_DIRECT_OBJC_ISA_USAGE = YES_ERROR;
				CLANG_WARN_DOCUMENTATION_COMMENTS = YES;
				CLANG_WARN_EMPTY_BODY = YES;
				CLANG_WARN_ENUM_CONVERSION = YES;
				CLANG_WARN_INFINITE_RECURSION = YES;
				CLANG_WARN_INT_CONVERSION = YES;
				CLANG_WARN_NON_LITERAL_NULL_CONVERSION = YES;
				CLANG_WARN_OBJC_LITERAL_CONVERSION = YES;
				CLANG_WARN_OBJC_ROOT_CLASS = YES_ERROR;
				CLANG_WARN_RANGE_LOOP_ANALYSIS = YES;
				CLANG_WARN_STRICT_PROTOTYPES = YES;
				CLANG_WARN_SUSPICIOUS_MOVE = YES;
				CLANG_WARN_UNGUARDED_AVAILABILITY = YES_AGGRESSIVE;
				CLANG_WARN_UNREACHABLE_CODE = YES;
				CLANG_WARN__DUPLICATE_METHOD_MATCH = YES;
				CODE_SIGN_IDENTITY = "iPhone Developer";
				COPY_PHASE_STRIP = NO;
				DEBUG_INFORMATION_FORMAT = dwarf;
				ENABLE_STRICT_OBJC_MSGSEND = YES;
				ENABLE_TESTABILITY = YES;
				GCC_C_LANGUAGE_STANDARD = gnu11;
				GCC_DYNAMIC_NO_PIC = NO;
				GCC_NO_COMMON_BLOCKS = YES;
				GCC_OPTIMIZATION_LEVEL = 0;
				GCC_PREPROCESSOR_DEFINITIONS = (
					"DEBUG=1",
					"$(inherited)",
				);
				GCC_WARN_64_TO_32_BIT_CONVERSION = YES;
				GCC_WARN_ABOUT_RETURN_TYPE = YES_ERROR;
				GCC_WARN_UNDECLARED_SELECTOR = YES;
				GCC_WARN_UNINITIALIZED_AUTOS = YES_AGGRESSIVE;
				GCC_WARN_UNUSED_FUNCTION = YES;
				GCC_WARN_UNUSED_VARIABLE = YES;
				IPHONEOS_DEPLOYMENT_TARGET = 11.2;
				MTL_ENABLE_DEBUG_INFO = YES;
				ONLY_ACTIVE_ARCH = YES;
				SDKROOT = iphoneos;
				SWIFT_ACTIVE_COMPILATION_CONDITIONS = DEBUG;
				SWIFT_OPTIMIZATION_LEVEL = "-Onone";
			};
			name = Debug;
		};
		D7B9732420072CB000D6A962 /* Release */ = {
			isa = XCBuildConfiguration;
			buildSettings = {
				ALWAYS_SEARCH_USER_PATHS = NO;
				CLANG_ANALYZER_NONNULL = YES;
				CLANG_ANALYZER_NUMBER_OBJECT_CONVERSION = YES_AGGRESSIVE;
				CLANG_CXX_LANGUAGE_STANDARD = "gnu++14";
				CLANG_CXX_LIBRARY = "libc++";
				CLANG_ENABLE_MODULES = YES;
				CLANG_ENABLE_OBJC_ARC = YES;
				CLANG_WARN_BLOCK_CAPTURE_AUTORELEASING = YES;
				CLANG_WARN_BOOL_CONVERSION = YES;
				CLANG_WARN_COMMA = YES;
				CLANG_WARN_CONSTANT_CONVERSION = YES;
				CLANG_WARN_DIRECT_OBJC_ISA_USAGE = YES_ERROR;
				CLANG_WARN_DOCUMENTATION_COMMENTS = YES;
				CLANG_WARN_EMPTY_BODY = YES;
				CLANG_WARN_ENUM_CONVERSION = YES;
				CLANG_WARN_INFINITE_RECURSION = YES;
				CLANG_WARN_INT_CONVERSION = YES;
				CLANG_WARN_NON_LITERAL_NULL_CONVERSION = YES;
				CLANG_WARN_OBJC_LITERAL_CONVERSION = YES;
				CLANG_WARN_OBJC_ROOT_CLASS = YES_ERROR;
				CLANG_WARN_RANGE_LOOP_ANALYSIS = YES;
				CLANG_WARN_STRICT_PROTOTYPES = YES;
				CLANG_WARN_SUSPICIOUS_MOVE = YES;
				CLANG_WARN_UNGUARDED_AVAILABILITY = YES_AGGRESSIVE;
				CLANG_WARN_UNREACHABLE_CODE = YES;
				CLANG_WARN__DUPLICATE_METHOD_MATCH = YES;
				CODE_SIGN_IDENTITY = "iPhone Developer";
				COPY_PHASE_STRIP = NO;
				DEBUG_INFORMATION_FORMAT = "dwarf-with-dsym";
				ENABLE_NS_ASSERTIONS = NO;
				ENABLE_STRICT_OBJC_MSGSEND = YES;
				GCC_C_LANGUAGE_STANDARD = gnu11;
				GCC_NO_COMMON_BLOCKS = YES;
				GCC_WARN_64_TO_32_BIT_CONVERSION = YES;
				GCC_WARN_ABOUT_RETURN_TYPE = YES_ERROR;
				GCC_WARN_UNDECLARED_SELECTOR = YES;
				GCC_WARN_UNINITIALIZED_AUTOS = YES_AGGRESSIVE;
				GCC_WARN_UNUSED_FUNCTION = YES;
				GCC_WARN_UNUSED_VARIABLE = YES;
				IPHONEOS_DEPLOYMENT_TARGET = 11.2;
				MTL_ENABLE_DEBUG_INFO = NO;
				SDKROOT = iphoneos;
				SWIFT_OPTIMIZATION_LEVEL = "-Owholemodule";
				VALIDATE_PRODUCT = YES;
			};
			name = Release;
		};
		D7B9732620072CB000D6A962 /* Debug */ = {
			isa = XCBuildConfiguration;
			baseConfigurationReference = 4DC151ADE4D3280D3EEF509F /* Pods-SocketTest.debug.xcconfig */;
			buildSettings = {
				ASSETCATALOG_COMPILER_APPICON_NAME = AppIcon;
				CODE_SIGN_STYLE = Automatic;
				DEVELOPMENT_TEAM = 8E3WW2RPPH;
				INFOPLIST_FILE = SocketTest/Info.plist;
				LD_RUNPATH_SEARCH_PATHS = "$(inherited) @executable_path/Frameworks";
				PRODUCT_BUNDLE_IDENTIFIER = nice.SocketTest;
				PRODUCT_NAME = "$(TARGET_NAME)";
				SWIFT_VERSION = 4.0;
				TARGETED_DEVICE_FAMILY = "1,2";
			};
			name = Debug;
		};
		D7B9732720072CB000D6A962 /* Release */ = {
			isa = XCBuildConfiguration;
			baseConfigurationReference = 01A36192D970F15CF995DC05 /* Pods-SocketTest.release.xcconfig */;
			buildSettings = {
				ASSETCATALOG_COMPILER_APPICON_NAME = AppIcon;
				CODE_SIGN_STYLE = Automatic;
				DEVELOPMENT_TEAM = 8E3WW2RPPH;
				INFOPLIST_FILE = SocketTest/Info.plist;
				LD_RUNPATH_SEARCH_PATHS = "$(inherited) @executable_path/Frameworks";
				PRODUCT_BUNDLE_IDENTIFIER = nice.SocketTest;
				PRODUCT_NAME = "$(TARGET_NAME)";
				SWIFT_VERSION = 4.0;
				TARGETED_DEVICE_FAMILY = "1,2";
			};
			name = Release;
		};
/* End XCBuildConfiguration section */

/* Begin XCConfigurationList section */
		D7B9730E20072CAF00D6A962 /* Build configuration list for PBXProject "SocketTest" */ = {
			isa = XCConfigurationList;
			buildConfigurations = (
				D7B9732320072CB000D6A962 /* Debug */,
				D7B9732420072CB000D6A962 /* Release */,
			);
			defaultConfigurationIsVisible = 0;
			defaultConfigurationName = Release;
		};
		D7B9732520072CB000D6A962 /* Build configuration list for PBXNativeTarget "SocketTest" */ = {
			isa = XCConfigurationList;
			buildConfigurations = (
				D7B9732620072CB000D6A962 /* Debug */,
				D7B9732720072CB000D6A962 /* Release */,
			);
			defaultConfigurationIsVisible = 0;
			defaultConfigurationName = Release;
		};
/* End XCConfigurationList section */
	};
	rootObject = D7B9730B20072CAF00D6A962 /* Project object */;
}
